
Microsoft Visual Studio Solution File, Format Version 12.00
# Visual Studio Version 17
VisualStudioVersion = 17.11.35303.130
MinimumVisualStudioVersion = 10.0.40219.1
Project("{9A19103F-16F7-4668-BE54-9A1E7A4F7556}") = "VClinic.Domain", "VClinic.Domain\VClinic.Domain.csproj", "{38D6B2E1-069A-440E-AF45-143F3D24030C}"
EndProject
Project("{9A19103F-16F7-4668-BE54-9A1E7A4F7556}") = "VClinic.Infrastructure", "VClinic.Infrastructure\VClinic.Infrastructure.csproj", "{D47CAC03-9B8A-422E-AB41-B67C6129BD04}"
EndProject
Project("{9A19103F-16F7-4668-BE54-9A1E7A4F7556}") = "VClinic.Application", "VClinic.Application\VClinic.Application.csproj", "{8CC9EA9A-D084-43ED-8BFE-7D1E84CC42F9}"
EndProject
Project("{FAE04EC0-301F-11D3-BF4B-00C04F79EFBC}") = "VClinic.API", "VClinic.API\VClinic.API.csproj", "{48CEC9A2-344A-4981-A035-075ED8904030}"
EndProject
Project("{54A90642-561A-4BB1-A94E-469ADEE60C69}") = "VClinic.Client", "VClinic.Client\VClinic.Client.esproj", "{0097C7C5-E8B8-4C3E-BE84-75EDF1BD0155}"
EndProject
Global
	GlobalSection(SolutionConfigurationPlatforms) = preSolution
		Debug|Any CPU = Debug|Any CPU
		Release|Any CPU = Release|Any CPU
	EndGlobalSection
	GlobalSection(ProjectConfigurationPlatforms) = postSolution
		{38D6B2E1-069A-440E-AF45-143F3D24030C}.Debug|Any CPU.ActiveCfg = Debug|Any CPU
		{38D6B2E1-069A-440E-AF45-143F3D24030C}.Debug|Any CPU.Build.0 = Debug|Any CPU
		{38D6B2E1-069A-440E-AF45-143F3D24030C}.Release|Any CPU.ActiveCfg = Release|Any CPU
		{38D6B2E1-069A-440E-AF45-143F3D24030C}.Release|Any CPU.Build.0 = Release|Any CPU
		{D47CAC03-9B8A-422E-AB41-B67C6129BD04}.Debug|Any CPU.ActiveCfg = Debug|Any CPU
		{D47CAC03-9B8A-422E-AB41-B67C6129BD04}.Debug|Any CPU.Build.0 = Debug|Any CPU
		{D47CAC03-9B8A-422E-AB41-B67C6129BD04}.Release|Any CPU.ActiveCfg = Release|Any CPU
		{D47CAC03-9B8A-422E-AB41-B67C6129BD04}.Release|Any CPU.Build.0 = Release|Any CPU
		{8CC9EA9A-D084-43ED-8BFE-7D1E84CC42F9}.Debug|Any CPU.ActiveCfg = Debug|Any CPU
		{8CC9EA9A-D084-43ED-8BFE-7D1E84CC42F9}.Debug|Any CPU.Build.0 = Debug|Any CPU
		{8CC9EA9A-D084-43ED-8BFE-7D1E84CC42F9}.Release|Any CPU.ActiveCfg = Release|Any CPU
		{8CC9EA9A-D084-43ED-8BFE-7D1E84CC42F9}.Release|Any CPU.Build.0 = Release|Any CPU
		{48CEC9A2-344A-4981-A035-075ED8904030}.Debug|Any CPU.ActiveCfg = Debug|Any CPU
		{48CEC9A2-344A-4981-A035-075ED8904030}.Debug|Any CPU.Build.0 = Debug|Any CPU
		{48CEC9A2-344A-4981-A035-075ED8904030}.Release|Any CPU.ActiveCfg = Release|Any CPU
		{48CEC9A2-344A-4981-A035-075ED8904030}.Release|Any CPU.Build.0 = Release|Any CPU
		{0097C7C5-E8B8-4C3E-BE84-75EDF1BD0155}.Debug|Any CPU.ActiveCfg = Debug|Any CPU
		{0097C7C5-E8B8-4C3E-BE84-75EDF1BD0155}.Debug|Any CPU.Build.0 = Debug|Any CPU
		{0097C7C5-E8B8-4C3E-BE84-75EDF1BD0155}.Debug|Any CPU.Deploy.0 = Debug|Any CPU
		{0097C7C5-E8B8-4C3E-BE84-75EDF1BD0155}.Release|Any CPU.ActiveCfg = Release|Any CPU
		{0097C7C5-E8B8-4C3E-BE84-75EDF1BD0155}.Release|Any CPU.Build.0 = Release|Any CPU
		{0097C7C5-E8B8-4C3E-BE84-75EDF1BD0155}.Release|Any CPU.Deploy.0 = Release|Any CPU
	EndGlobalSection
	GlobalSection(SolutionProperties) = preSolution
		HideSolutionNode = FALSE
	EndGlobalSection
	GlobalSection(ExtensibilityGlobals) = postSolution
		SolutionGuid = {C9313936-682C-4D7A-95F0-5DABE3098EBB}
	EndGlobalSection
EndGlobal
